
Microsoft Visual Studio Solution File, Format Version 12.00
# Visual Studio Version 17
VisualStudioVersion = 17.12.35527.113
MinimumVisualStudioVersion = 10.0.40219.1
Project("{FAE04EC0-301F-11D3-BF4B-00C04F79EFBC}") = "TaskManagmentAPI", "TaskManagerAPI\TaskManagmentAPI.csproj", "{BEBAE35D-3B80-47FA-9440-EEF830667FC9}"
	ProjectSection(ProjectDependencies) = postProject
		{99225950-4830-4599-A550-F6F67BB7B145} = {99225950-4830-4599-A550-F6F67BB7B145}
	EndProjectSection
EndProject
Project("{FAE04EC0-301F-11D3-BF4B-00C04F79EFBC}") = "DataAccess", "DataAccess\DataAccess.csproj", "{0B7C46ED-2FFA-4B2F-8B3B-DE09C3085C2E}"
EndProject
Project("{FAE04EC0-301F-11D3-BF4B-00C04F79EFBC}") = "TaskManagmentClient", "TaskManagmentClient\TaskManagmentClient.csproj", "{8EB09F12-0AF0-4167-A786-FC59D70CA911}"
	ProjectSection(ProjectDependencies) = postProject
		{99225950-4830-4599-A550-F6F67BB7B145} = {99225950-4830-4599-A550-F6F67BB7B145}
	EndProjectSection
EndProject
Project("{FAE04EC0-301F-11D3-BF4B-00C04F79EFBC}") = "Shared", "Shared\Shared.csproj", "{99225950-4830-4599-A550-F6F67BB7B145}"
EndProject
Global
	GlobalSection(SolutionConfigurationPlatforms) = preSolution
		Debug|Any CPU = Debug|Any CPU
		Release|Any CPU = Release|Any CPU
	EndGlobalSection
	GlobalSection(ProjectConfigurationPlatforms) = postSolution
		{BEBAE35D-3B80-47FA-9440-EEF830667FC9}.Debug|Any CPU.ActiveCfg = Debug|Any CPU
		{BEBAE35D-3B80-47FA-9440-EEF830667FC9}.Debug|Any CPU.Build.0 = Debug|Any CPU
		{BEBAE35D-3B80-47FA-9440-EEF830667FC9}.Release|Any CPU.ActiveCfg = Release|Any CPU
		{BEBAE35D-3B80-47FA-9440-EEF830667FC9}.Release|Any CPU.Build.0 = Release|Any CPU
		{0B7C46ED-2FFA-4B2F-8B3B-DE09C3085C2E}.Debug|Any CPU.ActiveCfg = Debug|Any CPU
		{0B7C46ED-2FFA-4B2F-8B3B-DE09C3085C2E}.Debug|Any CPU.Build.0 = Debug|Any CPU
		{0B7C46ED-2FFA-4B2F-8B3B-DE09C3085C2E}.Release|Any CPU.ActiveCfg = Release|Any CPU
		{0B7C46ED-2FFA-4B2F-8B3B-DE09C3085C2E}.Release|Any CPU.Build.0 = Release|Any CPU
		{8EB09F12-0AF0-4167-A786-FC59D70CA911}.Debug|Any CPU.ActiveCfg = Debug|Any CPU
		{8EB09F12-0AF0-4167-A786-FC59D70CA911}.Debug|Any CPU.Build.0 = Debug|Any CPU
		{8EB09F12-0AF0-4167-A786-FC59D70CA911}.Release|Any CPU.ActiveCfg = Release|Any CPU
		{8EB09F12-0AF0-4167-A786-FC59D70CA911}.Release|Any CPU.Build.0 = Release|Any CPU
		{99225950-4830-4599-A550-F6F67BB7B145}.Debug|Any CPU.ActiveCfg = Debug|Any CPU
		{99225950-4830-4599-A550-F6F67BB7B145}.Debug|Any CPU.Build.0 = Debug|Any CPU
		{99225950-4830-4599-A550-F6F67BB7B145}.Release|Any CPU.ActiveCfg = Release|Any CPU
		{99225950-4830-4599-A550-F6F67BB7B145}.Release|Any CPU.Build.0 = Release|Any CPU
	EndGlobalSection
	GlobalSection(SolutionProperties) = preSolution
		HideSolutionNode = FALSE
	EndGlobalSection
EndGlobal
